
Microsoft Visual Studio Solution File, Format Version 12.00
# Visual Studio Version 16
VisualStudioVersion = 16.0.30503.244
MinimumVisualStudioVersion = 10.0.40219.1
Project("{FAE04EC0-301F-11D3-BF4B-00C04F79EFBC}") = "suspicious.Android", "suspicious.Android\suspicious.Android.csproj", "{84E246A2-A5B3-47AD-AE08-7C280A43B266}"
EndProject
Project("{FAE04EC0-301F-11D3-BF4B-00C04F79EFBC}") = "suspicious.iOS", "suspicious.iOS\suspicious.iOS.csproj", "{2BDC7DF7-A747-426B-9DCF-2BBEC46893A9}"
EndProject
Project("{FAE04EC0-301F-11D3-BF4B-00C04F79EFBC}") = "suspicious", "suspicious\suspicious.csproj", "{22A8F6F8-53EA-4480-AF90-09C6409A90A7}"
EndProject
Global
	GlobalSection(SolutionConfigurationPlatforms) = preSolution
		Debug|Any CPU = Debug|Any CPU
		Debug|iPhone = Debug|iPhone
		Debug|iPhoneSimulator = Debug|iPhoneSimulator
		Release|Any CPU = Release|Any CPU
		Release|iPhone = Release|iPhone
		Release|iPhoneSimulator = Release|iPhoneSimulator
	EndGlobalSection
	GlobalSection(ProjectConfigurationPlatforms) = postSolution
		{84E246A2-A5B3-47AD-AE08-7C280A43B266}.Debug|Any CPU.ActiveCfg = Debug|Any CPU
		{84E246A2-A5B3-47AD-AE08-7C280A43B266}.Debug|Any CPU.Build.0 = Debug|Any CPU
		{84E246A2-A5B3-47AD-AE08-7C280A43B266}.Debug|Any CPU.Deploy.0 = Debug|Any CPU
		{84E246A2-A5B3-47AD-AE08-7C280A43B266}.Debug|iPhone.ActiveCfg = Debug|Any CPU
		{84E246A2-A5B3-47AD-AE08-7C280A43B266}.Debug|iPhone.Build.0 = Debug|Any CPU
		{84E246A2-A5B3-47AD-AE08-7C280A43B266}.Debug|iPhone.Deploy.0 = Debug|Any CPU
		{84E246A2-A5B3-47AD-AE08-7C280A43B266}.Debug|iPhoneSimulator.ActiveCfg = Debug|Any CPU
		{84E246A2-A5B3-47AD-AE08-7C280A43B266}.Debug|iPhoneSimulator.Build.0 = Debug|Any CPU
		{84E246A2-A5B3-47AD-AE08-7C280A43B266}.Debug|iPhoneSimulator.Deploy.0 = Debug|Any CPU
		{84E246A2-A5B3-47AD-AE08-7C280A43B266}.Release|Any CPU.ActiveCfg = Release|Any CPU
		{84E246A2-A5B3-47AD-AE08-7C280A43B266}.Release|Any CPU.Build.0 = Release|Any CPU
		{84E246A2-A5B3-47AD-AE08-7C280A43B266}.Release|Any CPU.Deploy.0 = Release|Any CPU
		{84E246A2-A5B3-47AD-AE08-7C280A43B266}.Release|iPhone.ActiveCfg = Release|Any CPU
		{84E246A2-A5B3-47AD-AE08-7C280A43B266}.Release|iPhone.Build.0 = Release|Any CPU
		{84E246A2-A5B3-47AD-AE08-7C280A43B266}.Release|iPhone.Deploy.0 = Release|Any CPU
		{84E246A2-A5B3-47AD-AE08-7C280A43B266}.Release|iPhoneSimulator.ActiveCfg = Release|Any CPU
		{84E246A2-A5B3-47AD-AE08-7C280A43B266}.Release|iPhoneSimulator.Build.0 = Release|Any CPU
		{84E246A2-A5B3-47AD-AE08-7C280A43B266}.Release|iPhoneSimulator.Deploy.0 = Release|Any CPU
		{2BDC7DF7-A747-426B-9DCF-2BBEC46893A9}.Debug|Any CPU.ActiveCfg = Debug|iPhone
		{2BDC7DF7-A747-426B-9DCF-2BBEC46893A9}.Debug|Any CPU.Build.0 = Debug|iPhone
		{2BDC7DF7-A747-426B-9DCF-2BBEC46893A9}.Debug|Any CPU.Deploy.0 = Debug|iPhone
		{2BDC7DF7-A747-426B-9DCF-2BBEC46893A9}.Debug|iPhone.ActiveCfg = Debug|iPhone
		{2BDC7DF7-A747-426B-9DCF-2BBEC46893A9}.Debug|iPhone.Build.0 = Debug|iPhone
		{2BDC7DF7-A747-426B-9DCF-2BBEC46893A9}.Debug|iPhone.Deploy.0 = Debug|iPhone
		{2BDC7DF7-A747-426B-9DCF-2BBEC46893A9}.Debug|iPhoneSimulator.ActiveCfg = Debug|iPhoneSimulator
		{2BDC7DF7-A747-426B-9DCF-2BBEC46893A9}.Debug|iPhoneSimulator.Build.0 = Debug|iPhoneSimulator
		{2BDC7DF7-A747-426B-9DCF-2BBEC46893A9}.Debug|iPhoneSimulator.Deploy.0 = Debug|iPhoneSimulator
		{2BDC7DF7-A747-426B-9DCF-2BBEC46893A9}.Release|Any CPU.ActiveCfg = Release|iPhoneSimulator
		{2BDC7DF7-A747-426B-9DCF-2BBEC46893A9}.Release|Any CPU.Build.0 = Release|iPhoneSimulator
		{2BDC7DF7-A747-426B-9DCF-2BBEC46893A9}.Release|Any CPU.Deploy.0 = Release|iPhoneSimulator
		{2BDC7DF7-A747-426B-9DCF-2BBEC46893A9}.Release|iPhone.ActiveCfg = Release|iPhone
		{2BDC7DF7-A747-426B-9DCF-2BBEC46893A9}.Release|iPhone.Build.0 = Release|iPhone
		{2BDC7DF7-A747-426B-9DCF-2BBEC46893A9}.Release|iPhone.Deploy.0 = Release|iPhone
		{2BDC7DF7-A747-426B-9DCF-2BBEC46893A9}.Release|iPhoneSimulator.ActiveCfg = Release|iPhoneSimulator
		{2BDC7DF7-A747-426B-9DCF-2BBEC46893A9}.Release|iPhoneSimulator.Build.0 = Release|iPhoneSimulator
		{2BDC7DF7-A747-426B-9DCF-2BBEC46893A9}.Release|iPhoneSimulator.Deploy.0 = Release|iPhoneSimulator
		{22A8F6F8-53EA-4480-AF90-09C6409A90A7}.Debug|Any CPU.ActiveCfg = Debug|Any CPU
		{22A8F6F8-53EA-4480-AF90-09C6409A90A7}.Debug|Any CPU.Build.0 = Debug|Any CPU
		{22A8F6F8-53EA-4480-AF90-09C6409A90A7}.Debug|Any CPU.Deploy.0 = Debug|Any CPU
		{22A8F6F8-53EA-4480-AF90-09C6409A90A7}.Debug|iPhone.ActiveCfg = Debug|Any CPU
		{22A8F6F8-53EA-4480-AF90-09C6409A90A7}.Debug|iPhone.Build.0 = Debug|Any CPU
		{22A8F6F8-53EA-4480-AF90-09C6409A90A7}.Debug|iPhone.Deploy.0 = Debug|Any CPU
		{22A8F6F8-53EA-4480-AF90-09C6409A90A7}.Debug|iPhoneSimulator.ActiveCfg = Debug|Any CPU
		{22A8F6F8-53EA-4480-AF90-09C6409A90A7}.Debug|iPhoneSimulator.Build.0 = Debug|Any CPU
		{22A8F6F8-53EA-4480-AF90-09C6409A90A7}.Debug|iPhoneSimulator.Deploy.0 = Debug|Any CPU
		{22A8F6F8-53EA-4480-AF90-09C6409A90A7}.Release|Any CPU.ActiveCfg = Release|Any CPU
		{22A8F6F8-53EA-4480-AF90-09C6409A90A7}.Release|Any CPU.Build.0 = Release|Any CPU
		{22A8F6F8-53EA-4480-AF90-09C6409A90A7}.Release|Any CPU.Deploy.0 = Release|Any CPU
		{22A8F6F8-53EA-4480-AF90-09C6409A90A7}.Release|iPhone.ActiveCfg = Release|Any CPU
		{22A8F6F8-53EA-4480-AF90-09C6409A90A7}.Release|iPhone.Build.0 = Release|Any CPU
		{22A8F6F8-53EA-4480-AF90-09C6409A90A7}.Release|iPhone.Deploy.0 = Release|Any CPU
		{22A8F6F8-53EA-4480-AF90-09C6409A90A7}.Release|iPhoneSimulator.ActiveCfg = Release|Any CPU
		{22A8F6F8-53EA-4480-AF90-09C6409A90A7}.Release|iPhoneSimulator.Build.0 = Release|Any CPU
		{22A8F6F8-53EA-4480-AF90-09C6409A90A7}.Release|iPhoneSimulator.Deploy.0 = Release|Any CPU
	EndGlobalSection
	GlobalSection(SolutionProperties) = preSolution
		HideSolutionNode = FALSE
	EndGlobalSection
	GlobalSection(ExtensibilityGlobals) = postSolution
		SolutionGuid = {9483402B-6406-4312-94EE-B1E9C570930A}
	EndGlobalSection
EndGlobal
