
Microsoft Visual Studio Solution File, Format Version 12.00
# Visual Studio Version 16
VisualStudioVersion = 16.0.30503.244
MinimumVisualStudioVersion = 10.0.40219.1
Project("{9A19103F-16F7-4668-BE54-9A1E7A4F7556}") = "MedicalWebService", "MedicalWebService.csproj", "{5CA24B4C-5CBD-4EAD-93E3-185AC4D9FE7E}"
EndProject
Project("{9A19103F-16F7-4668-BE54-9A1E7A4F7556}") = "MedicalWeb3", "..\MedicalWeb3\MedicalWeb3.csproj", "{CD66DBDF-606B-4277-A6C1-0245D294F76B}"
EndProject
Project("{9A19103F-16F7-4668-BE54-9A1E7A4F7556}") = "MedicalClient", "..\MedicalClient\MedicalClient.csproj", "{141347CA-B44B-4C0E-9892-3995D0CDA44A}"
EndProject
Project("{FAE04EC0-301F-11D3-BF4B-00C04F79EFBC}") = "MedicalApp1.Android", "..\MedicalApp1\MedicalApp1.Android\MedicalApp1.Android.csproj", "{199AD4F8-29E6-4CD8-8529-8C1B2655733D}"
EndProject
Project("{FAE04EC0-301F-11D3-BF4B-00C04F79EFBC}") = "MedicalApp1.iOS", "..\MedicalApp1\MedicalApp1.iOS\MedicalApp1.iOS.csproj", "{9ADF734B-DC78-4E3D-90F9-286ACFD9EB72}"
EndProject
Project("{9A19103F-16F7-4668-BE54-9A1E7A4F7556}") = "MedicalApp1", "..\MedicalApp1\MedicalApp1\MedicalApp1.csproj", "{556DBA5D-0B13-44CB-B26D-D4C7BC402692}"
EndProject
Project("{9A19103F-16F7-4668-BE54-9A1E7A4F7556}") = "Tests", "..\Tests\Tests.csproj", "{5824197F-107E-4F77-8C67-E56F365823CB}"
EndProject
Global
	GlobalSection(SolutionConfigurationPlatforms) = preSolution
		Debug|Any CPU = Debug|Any CPU
		Debug|iPhone = Debug|iPhone
		Debug|iPhoneSimulator = Debug|iPhoneSimulator
		Release|Any CPU = Release|Any CPU
		Release|iPhone = Release|iPhone
		Release|iPhoneSimulator = Release|iPhoneSimulator
	EndGlobalSection
	GlobalSection(ProjectConfigurationPlatforms) = postSolution
		{5CA24B4C-5CBD-4EAD-93E3-185AC4D9FE7E}.Debug|Any CPU.ActiveCfg = Debug|Any CPU
		{5CA24B4C-5CBD-4EAD-93E3-185AC4D9FE7E}.Debug|Any CPU.Build.0 = Debug|Any CPU
		{5CA24B4C-5CBD-4EAD-93E3-185AC4D9FE7E}.Debug|iPhone.ActiveCfg = Debug|Any CPU
		{5CA24B4C-5CBD-4EAD-93E3-185AC4D9FE7E}.Debug|iPhone.Build.0 = Debug|Any CPU
		{5CA24B4C-5CBD-4EAD-93E3-185AC4D9FE7E}.Debug|iPhoneSimulator.ActiveCfg = Debug|Any CPU
		{5CA24B4C-5CBD-4EAD-93E3-185AC4D9FE7E}.Debug|iPhoneSimulator.Build.0 = Debug|Any CPU
		{5CA24B4C-5CBD-4EAD-93E3-185AC4D9FE7E}.Release|Any CPU.ActiveCfg = Release|Any CPU
		{5CA24B4C-5CBD-4EAD-93E3-185AC4D9FE7E}.Release|Any CPU.Build.0 = Release|Any CPU
		{5CA24B4C-5CBD-4EAD-93E3-185AC4D9FE7E}.Release|iPhone.ActiveCfg = Release|Any CPU
		{5CA24B4C-5CBD-4EAD-93E3-185AC4D9FE7E}.Release|iPhone.Build.0 = Release|Any CPU
		{5CA24B4C-5CBD-4EAD-93E3-185AC4D9FE7E}.Release|iPhoneSimulator.ActiveCfg = Release|Any CPU
		{5CA24B4C-5CBD-4EAD-93E3-185AC4D9FE7E}.Release|iPhoneSimulator.Build.0 = Release|Any CPU
		{CD66DBDF-606B-4277-A6C1-0245D294F76B}.Debug|Any CPU.ActiveCfg = Debug|Any CPU
		{CD66DBDF-606B-4277-A6C1-0245D294F76B}.Debug|Any CPU.Build.0 = Debug|Any CPU
		{CD66DBDF-606B-4277-A6C1-0245D294F76B}.Debug|iPhone.ActiveCfg = Debug|Any CPU
		{CD66DBDF-606B-4277-A6C1-0245D294F76B}.Debug|iPhone.Build.0 = Debug|Any CPU
		{CD66DBDF-606B-4277-A6C1-0245D294F76B}.Debug|iPhoneSimulator.ActiveCfg = Debug|Any CPU
		{CD66DBDF-606B-4277-A6C1-0245D294F76B}.Debug|iPhoneSimulator.Build.0 = Debug|Any CPU
		{CD66DBDF-606B-4277-A6C1-0245D294F76B}.Release|Any CPU.ActiveCfg = Release|Any CPU
		{CD66DBDF-606B-4277-A6C1-0245D294F76B}.Release|Any CPU.Build.0 = Release|Any CPU
		{CD66DBDF-606B-4277-A6C1-0245D294F76B}.Release|iPhone.ActiveCfg = Release|Any CPU
		{CD66DBDF-606B-4277-A6C1-0245D294F76B}.Release|iPhone.Build.0 = Release|Any CPU
		{CD66DBDF-606B-4277-A6C1-0245D294F76B}.Release|iPhoneSimulator.ActiveCfg = Release|Any CPU
		{CD66DBDF-606B-4277-A6C1-0245D294F76B}.Release|iPhoneSimulator.Build.0 = Release|Any CPU
		{141347CA-B44B-4C0E-9892-3995D0CDA44A}.Debug|Any CPU.ActiveCfg = Debug|Any CPU
		{141347CA-B44B-4C0E-9892-3995D0CDA44A}.Debug|Any CPU.Build.0 = Debug|Any CPU
		{141347CA-B44B-4C0E-9892-3995D0CDA44A}.Debug|iPhone.ActiveCfg = Debug|Any CPU
		{141347CA-B44B-4C0E-9892-3995D0CDA44A}.Debug|iPhone.Build.0 = Debug|Any CPU
		{141347CA-B44B-4C0E-9892-3995D0CDA44A}.Debug|iPhoneSimulator.ActiveCfg = Debug|Any CPU
		{141347CA-B44B-4C0E-9892-3995D0CDA44A}.Debug|iPhoneSimulator.Build.0 = Debug|Any CPU
		{141347CA-B44B-4C0E-9892-3995D0CDA44A}.Release|Any CPU.ActiveCfg = Release|Any CPU
		{141347CA-B44B-4C0E-9892-3995D0CDA44A}.Release|Any CPU.Build.0 = Release|Any CPU
		{141347CA-B44B-4C0E-9892-3995D0CDA44A}.Release|iPhone.ActiveCfg = Release|Any CPU
		{141347CA-B44B-4C0E-9892-3995D0CDA44A}.Release|iPhone.Build.0 = Release|Any CPU
		{141347CA-B44B-4C0E-9892-3995D0CDA44A}.Release|iPhoneSimulator.ActiveCfg = Release|Any CPU
		{141347CA-B44B-4C0E-9892-3995D0CDA44A}.Release|iPhoneSimulator.Build.0 = Release|Any CPU
		{199AD4F8-29E6-4CD8-8529-8C1B2655733D}.Debug|Any CPU.ActiveCfg = Debug|Any CPU
		{199AD4F8-29E6-4CD8-8529-8C1B2655733D}.Debug|Any CPU.Build.0 = Debug|Any CPU
		{199AD4F8-29E6-4CD8-8529-8C1B2655733D}.Debug|Any CPU.Deploy.0 = Debug|Any CPU
		{199AD4F8-29E6-4CD8-8529-8C1B2655733D}.Debug|iPhone.ActiveCfg = Debug|Any CPU
		{199AD4F8-29E6-4CD8-8529-8C1B2655733D}.Debug|iPhone.Build.0 = Debug|Any CPU
		{199AD4F8-29E6-4CD8-8529-8C1B2655733D}.Debug|iPhone.Deploy.0 = Debug|Any CPU
		{199AD4F8-29E6-4CD8-8529-8C1B2655733D}.Debug|iPhoneSimulator.ActiveCfg = Debug|Any CPU
		{199AD4F8-29E6-4CD8-8529-8C1B2655733D}.Debug|iPhoneSimulator.Build.0 = Debug|Any CPU
		{199AD4F8-29E6-4CD8-8529-8C1B2655733D}.Debug|iPhoneSimulator.Deploy.0 = Debug|Any CPU
		{199AD4F8-29E6-4CD8-8529-8C1B2655733D}.Release|Any CPU.ActiveCfg = Release|Any CPU
		{199AD4F8-29E6-4CD8-8529-8C1B2655733D}.Release|Any CPU.Build.0 = Release|Any CPU
		{199AD4F8-29E6-4CD8-8529-8C1B2655733D}.Release|Any CPU.Deploy.0 = Release|Any CPU
		{199AD4F8-29E6-4CD8-8529-8C1B2655733D}.Release|iPhone.ActiveCfg = Release|Any CPU
		{199AD4F8-29E6-4CD8-8529-8C1B2655733D}.Release|iPhone.Build.0 = Release|Any CPU
		{199AD4F8-29E6-4CD8-8529-8C1B2655733D}.Release|iPhone.Deploy.0 = Release|Any CPU
		{199AD4F8-29E6-4CD8-8529-8C1B2655733D}.Release|iPhoneSimulator.ActiveCfg = Release|Any CPU
		{199AD4F8-29E6-4CD8-8529-8C1B2655733D}.Release|iPhoneSimulator.Build.0 = Release|Any CPU
		{199AD4F8-29E6-4CD8-8529-8C1B2655733D}.Release|iPhoneSimulator.Deploy.0 = Release|Any CPU
		{9ADF734B-DC78-4E3D-90F9-286ACFD9EB72}.Debug|Any CPU.ActiveCfg = Debug|iPhoneSimulator
		{9ADF734B-DC78-4E3D-90F9-286ACFD9EB72}.Debug|Any CPU.Build.0 = Debug|iPhoneSimulator
		{9ADF734B-DC78-4E3D-90F9-286ACFD9EB72}.Debug|iPhone.ActiveCfg = Debug|iPhone
		{9ADF734B-DC78-4E3D-90F9-286ACFD9EB72}.Debug|iPhone.Build.0 = Debug|iPhone
		{9ADF734B-DC78-4E3D-90F9-286ACFD9EB72}.Debug|iPhoneSimulator.ActiveCfg = Debug|iPhoneSimulator
		{9ADF734B-DC78-4E3D-90F9-286ACFD9EB72}.Debug|iPhoneSimulator.Build.0 = Debug|iPhoneSimulator
		{9ADF734B-DC78-4E3D-90F9-286ACFD9EB72}.Release|Any CPU.ActiveCfg = Release|iPhoneSimulator
		{9ADF734B-DC78-4E3D-90F9-286ACFD9EB72}.Release|iPhone.ActiveCfg = Release|iPhone
		{9ADF734B-DC78-4E3D-90F9-286ACFD9EB72}.Release|iPhone.Build.0 = Release|iPhone
		{9ADF734B-DC78-4E3D-90F9-286ACFD9EB72}.Release|iPhoneSimulator.ActiveCfg = Release|iPhoneSimulator
		{9ADF734B-DC78-4E3D-90F9-286ACFD9EB72}.Release|iPhoneSimulator.Build.0 = Release|iPhoneSimulator
		{556DBA5D-0B13-44CB-B26D-D4C7BC402692}.Debug|Any CPU.ActiveCfg = Debug|Any CPU
		{556DBA5D-0B13-44CB-B26D-D4C7BC402692}.Debug|Any CPU.Build.0 = Debug|Any CPU
		{556DBA5D-0B13-44CB-B26D-D4C7BC402692}.Debug|iPhone.ActiveCfg = Debug|Any CPU
		{556DBA5D-0B13-44CB-B26D-D4C7BC402692}.Debug|iPhone.Build.0 = Debug|Any CPU
		{556DBA5D-0B13-44CB-B26D-D4C7BC402692}.Debug|iPhoneSimulator.ActiveCfg = Debug|Any CPU
		{556DBA5D-0B13-44CB-B26D-D4C7BC402692}.Debug|iPhoneSimulator.Build.0 = Debug|Any CPU
		{556DBA5D-0B13-44CB-B26D-D4C7BC402692}.Release|Any CPU.ActiveCfg = Release|Any CPU
		{556DBA5D-0B13-44CB-B26D-D4C7BC402692}.Release|Any CPU.Build.0 = Release|Any CPU
		{556DBA5D-0B13-44CB-B26D-D4C7BC402692}.Release|iPhone.ActiveCfg = Release|Any CPU
		{556DBA5D-0B13-44CB-B26D-D4C7BC402692}.Release|iPhone.Build.0 = Release|Any CPU
		{556DBA5D-0B13-44CB-B26D-D4C7BC402692}.Release|iPhoneSimulator.ActiveCfg = Release|Any CPU
		{556DBA5D-0B13-44CB-B26D-D4C7BC402692}.Release|iPhoneSimulator.Build.0 = Release|Any CPU
		{5824197F-107E-4F77-8C67-E56F365823CB}.Debug|Any CPU.ActiveCfg = Debug|Any CPU
		{5824197F-107E-4F77-8C67-E56F365823CB}.Debug|Any CPU.Build.0 = Debug|Any CPU
		{5824197F-107E-4F77-8C67-E56F365823CB}.Debug|iPhone.ActiveCfg = Debug|Any CPU
		{5824197F-107E-4F77-8C67-E56F365823CB}.Debug|iPhone.Build.0 = Debug|Any CPU
		{5824197F-107E-4F77-8C67-E56F365823CB}.Debug|iPhoneSimulator.ActiveCfg = Debug|Any CPU
		{5824197F-107E-4F77-8C67-E56F365823CB}.Debug|iPhoneSimulator.Build.0 = Debug|Any CPU
		{5824197F-107E-4F77-8C67-E56F365823CB}.Release|Any CPU.ActiveCfg = Release|Any CPU
		{5824197F-107E-4F77-8C67-E56F365823CB}.Release|Any CPU.Build.0 = Release|Any CPU
		{5824197F-107E-4F77-8C67-E56F365823CB}.Release|iPhone.ActiveCfg = Release|Any CPU
		{5824197F-107E-4F77-8C67-E56F365823CB}.Release|iPhone.Build.0 = Release|Any CPU
		{5824197F-107E-4F77-8C67-E56F365823CB}.Release|iPhoneSimulator.ActiveCfg = Release|Any CPU
		{5824197F-107E-4F77-8C67-E56F365823CB}.Release|iPhoneSimulator.Build.0 = Release|Any CPU
	EndGlobalSection
	GlobalSection(SolutionProperties) = preSolution
		HideSolutionNode = FALSE
	EndGlobalSection
	GlobalSection(ExtensibilityGlobals) = postSolution
		SolutionGuid = {7F165BEB-034D-410E-A753-E3EF20DD4AD4}
	EndGlobalSection
EndGlobal
